
Microsoft Visual Studio Solution File, Format Version 10.00
# Visual Studio 2008
Project("{D183A3D8-5FD8-494B-B014-37F57B35E655}") = "IC_dataLoad", "Integration Services Project1\IC_dataLoad.dtproj", "{A2080302-24FF-4706-AA5E-4766C2678A92}"
EndProject
Global
	GlobalSection(SolutionConfigurationPlatforms) = preSolution
		Development|Default = Development|Default
	EndGlobalSection
	GlobalSection(ProjectConfigurationPlatforms) = postSolution
		{A2080302-24FF-4706-AA5E-4766C2678A92}.Development|Default.ActiveCfg = Development
		{A2080302-24FF-4706-AA5E-4766C2678A92}.Development|Default.Build.0 = Development
	EndGlobalSection
	GlobalSection(SolutionProperties) = preSolution
		HideSolutionNode = FALSE
	EndGlobalSection
EndGlobal
